
Microsoft Visual Studio Solution File, Format Version 12.00
# Visual Studio Version 17
VisualStudioVersion = 17.6.33723.286
MinimumVisualStudioVersion = 10.0.40219.1
Project("{8BC9CEB8-8B4A-11D0-8D11-00A0C91BC942}") = "dxFeedGraalCxxApiSampleVS", "dxFeedGraalCxxApiSampleVS.vcxproj", "{2396AA0E-7078-4728-B8B0-624C5C613F01}"
EndProject
Global
	GlobalSection(SolutionConfigurationPlatforms) = preSolution
		Debug|x64 = Debug|x64
		Debug|x86 = Debug|x86
		Release|x64 = Release|x64
		Release|x86 = Release|x86
	EndGlobalSection
	GlobalSection(ProjectConfigurationPlatforms) = postSolution
		{2396AA0E-7078-4728-B8B0-624C5C613F01}.Debug|x64.ActiveCfg = Debug|x64
		{2396AA0E-7078-4728-B8B0-624C5C613F01}.Debug|x64.Build.0 = Debug|x64
		{2396AA0E-7078-4728-B8B0-624C5C613F01}.Debug|x86.ActiveCfg = Debug|Win32
		{2396AA0E-7078-4728-B8B0-624C5C613F01}.Debug|x86.Build.0 = Debug|Win32
		{2396AA0E-7078-4728-B8B0-624C5C613F01}.Release|x64.ActiveCfg = Release|x64
		{2396AA0E-7078-4728-B8B0-624C5C613F01}.Release|x64.Build.0 = Release|x64
		{2396AA0E-7078-4728-B8B0-624C5C613F01}.Release|x86.ActiveCfg = Release|Win32
		{2396AA0E-7078-4728-B8B0-624C5C613F01}.Release|x86.Build.0 = Release|Win32
	EndGlobalSection
	GlobalSection(SolutionProperties) = preSolution
		HideSolutionNode = FALSE
	EndGlobalSection
	GlobalSection(ExtensibilityGlobals) = postSolution
		SolutionGuid = {6BCA674C-CA0A-47E3-91B6-B74535880710}
	EndGlobalSection
EndGlobal
